# THIS IS AN AUTOGENERATED FILE. DO NOT EDIT THIS FILE DIRECTLY.
# yarn lockfile v1


jquery@^3.2.1:
  version "3.2.1"
  resolved "https://registry.yarnpkg.com/jquery/-/jquery-3.2.1.tgz#5c4d9de652af6cd0a770154a631bba12b015c787"

stickyfilljs@^2.0.3:
  version "2.0.3"
  resolved "https://registry.yarnpkg.com/stickyfilljs/-/stickyfilljs-2.0.3.tgz#c0e7967d6c79a1d069ba80daccdb71d40dee9775"
